
Microsoft Visual Studio Solution File, Format Version 12.00
# Visual Studio Version 17
VisualStudioVersion = 17.8.34408.163
MinimumVisualStudioVersion = 10.0.40219.1
Project("{FAE04EC0-301F-11D3-BF4B-00C04F79EFBC}") = "Education.Domain", "Education.Domain\Education.Domain.csproj", "{677274C2-3B88-4A75-A758-70462F7C0CE7}"
EndProject
Project("{FAE04EC0-301F-11D3-BF4B-00C04F79EFBC}") = "Education.Persistence", "Education.Persistence\Education.Persistence.csproj", "{AB8F2646-D468-4845-BAAA-8B39099B257F}"
EndProject
Project("{FAE04EC0-301F-11D3-BF4B-00C04F79EFBC}") = "Education.Application", "Education.Application\Education.Application.csproj", "{02D61931-8323-401B-B8B3-ADFC024410FF}"
EndProject
Project("{FAE04EC0-301F-11D3-BF4B-00C04F79EFBC}") = "Education.API", "Education.API\Education.API.csproj", "{5B620486-61CA-49DC-A2CD-35D343E72BC5}"
EndProject
Global
	GlobalSection(SolutionConfigurationPlatforms) = preSolution
		Debug|Any CPU = Debug|Any CPU
		Release|Any CPU = Release|Any CPU
	EndGlobalSection
	GlobalSection(ProjectConfigurationPlatforms) = postSolution
		{677274C2-3B88-4A75-A758-70462F7C0CE7}.Debug|Any CPU.ActiveCfg = Debug|Any CPU
		{677274C2-3B88-4A75-A758-70462F7C0CE7}.Debug|Any CPU.Build.0 = Debug|Any CPU
		{677274C2-3B88-4A75-A758-70462F7C0CE7}.Release|Any CPU.ActiveCfg = Release|Any CPU
		{677274C2-3B88-4A75-A758-70462F7C0CE7}.Release|Any CPU.Build.0 = Release|Any CPU
		{AB8F2646-D468-4845-BAAA-8B39099B257F}.Debug|Any CPU.ActiveCfg = Debug|Any CPU
		{AB8F2646-D468-4845-BAAA-8B39099B257F}.Debug|Any CPU.Build.0 = Debug|Any CPU
		{AB8F2646-D468-4845-BAAA-8B39099B257F}.Release|Any CPU.ActiveCfg = Release|Any CPU
		{AB8F2646-D468-4845-BAAA-8B39099B257F}.Release|Any CPU.Build.0 = Release|Any CPU
		{02D61931-8323-401B-B8B3-ADFC024410FF}.Debug|Any CPU.ActiveCfg = Debug|Any CPU
		{02D61931-8323-401B-B8B3-ADFC024410FF}.Debug|Any CPU.Build.0 = Debug|Any CPU
		{02D61931-8323-401B-B8B3-ADFC024410FF}.Release|Any CPU.ActiveCfg = Release|Any CPU
		{02D61931-8323-401B-B8B3-ADFC024410FF}.Release|Any CPU.Build.0 = Release|Any CPU
		{5B620486-61CA-49DC-A2CD-35D343E72BC5}.Debug|Any CPU.ActiveCfg = Debug|Any CPU
		{5B620486-61CA-49DC-A2CD-35D343E72BC5}.Debug|Any CPU.Build.0 = Debug|Any CPU
		{5B620486-61CA-49DC-A2CD-35D343E72BC5}.Release|Any CPU.ActiveCfg = Release|Any CPU
		{5B620486-61CA-49DC-A2CD-35D343E72BC5}.Release|Any CPU.Build.0 = Release|Any CPU
	EndGlobalSection
	GlobalSection(SolutionProperties) = preSolution
		HideSolutionNode = FALSE
	EndGlobalSection
	GlobalSection(ExtensibilityGlobals) = postSolution
		SolutionGuid = {8B7B1D8C-7D84-4085-BE71-E5DCA1F6B8B0}
	EndGlobalSection
EndGlobal
